
Microsoft Visual Studio Solution File, Format Version 12.00
# Visual Studio 15
VisualStudioVersion = 15.0.27130.2003
MinimumVisualStudioVersion = 10.0.40219.1
Project("{FAE04EC0-301F-11D3-BF4B-00C04F79EFBC}") = "SimpleCalculator", "SimpleCalculator\SimpleCalculator.csproj", "{A7A60D0C-4322-4C9A-8A73-57A834333EAC}"
EndProject
Global
	GlobalSection(SolutionConfigurationPlatforms) = preSolution
		Debug|Any CPU = Debug|Any CPU
		Release|Any CPU = Release|Any CPU
	EndGlobalSection
	GlobalSection(ProjectConfigurationPlatforms) = postSolution
		{A7A60D0C-4322-4C9A-8A73-57A834333EAC}.Debug|Any CPU.ActiveCfg = Debug|Any CPU
		{A7A60D0C-4322-4C9A-8A73-57A834333EAC}.Debug|Any CPU.Build.0 = Debug|Any CPU
		{A7A60D0C-4322-4C9A-8A73-57A834333EAC}.Release|Any CPU.ActiveCfg = Release|Any CPU
		{A7A60D0C-4322-4C9A-8A73-57A834333EAC}.Release|Any CPU.Build.0 = Release|Any CPU
	EndGlobalSection
	GlobalSection(SolutionProperties) = preSolution
		HideSolutionNode = FALSE
	EndGlobalSection
	GlobalSection(ExtensibilityGlobals) = postSolution
		SolutionGuid = {1CC489EF-5184-4739-968B-2692920E9B22}
	EndGlobalSection
EndGlobal
